
Microsoft Visual Studio Solution File, Format Version 12.00
# Visual Studio 15
VisualStudioVersion = 15.0.28307.271
MinimumVisualStudioVersion = 10.0.40219.1
Project("{FAE04EC0-301F-11D3-BF4B-00C04F79EFBC}") = "Kalkulator.Android", "Kalkulator\Kalkulator.Android\Kalkulator.Android.csproj", "{5A430E13-C423-4263-B2E1-EB5D189CDEB4}"
EndProject
Project("{FAE04EC0-301F-11D3-BF4B-00C04F79EFBC}") = "Kalkulator.iOS", "Kalkulator\Kalkulator.iOS\Kalkulator.iOS.csproj", "{742C20E2-7BAA-446A-98A4-E05058CDB602}"
EndProject
Project("{FAE04EC0-301F-11D3-BF4B-00C04F79EFBC}") = "Kalkulator", "Kalkulator\Kalkulator\Kalkulator.csproj", "{2AD5D3C2-32AB-4EDD-A389-C658D38E910D}"
EndProject
Global
	GlobalSection(SolutionConfigurationPlatforms) = preSolution
		Ad-Hoc|Any CPU = Ad-Hoc|Any CPU
		Ad-Hoc|iPhone = Ad-Hoc|iPhone
		Ad-Hoc|iPhoneSimulator = Ad-Hoc|iPhoneSimulator
		AppStore|Any CPU = AppStore|Any CPU
		AppStore|iPhone = AppStore|iPhone
		AppStore|iPhoneSimulator = AppStore|iPhoneSimulator
		Debug|Any CPU = Debug|Any CPU
		Debug|iPhone = Debug|iPhone
		Debug|iPhoneSimulator = Debug|iPhoneSimulator
		Release|Any CPU = Release|Any CPU
		Release|iPhone = Release|iPhone
		Release|iPhoneSimulator = Release|iPhoneSimulator
	EndGlobalSection
	GlobalSection(ProjectConfigurationPlatforms) = postSolution
		{5A430E13-C423-4263-B2E1-EB5D189CDEB4}.Ad-Hoc|Any CPU.ActiveCfg = Release|Any CPU
		{5A430E13-C423-4263-B2E1-EB5D189CDEB4}.Ad-Hoc|Any CPU.Build.0 = Release|Any CPU
		{5A430E13-C423-4263-B2E1-EB5D189CDEB4}.Ad-Hoc|Any CPU.Deploy.0 = Release|Any CPU
		{5A430E13-C423-4263-B2E1-EB5D189CDEB4}.Ad-Hoc|iPhone.ActiveCfg = Release|Any CPU
		{5A430E13-C423-4263-B2E1-EB5D189CDEB4}.Ad-Hoc|iPhone.Build.0 = Release|Any CPU
		{5A430E13-C423-4263-B2E1-EB5D189CDEB4}.Ad-Hoc|iPhone.Deploy.0 = Release|Any CPU
		{5A430E13-C423-4263-B2E1-EB5D189CDEB4}.Ad-Hoc|iPhoneSimulator.ActiveCfg = Release|Any CPU
		{5A430E13-C423-4263-B2E1-EB5D189CDEB4}.Ad-Hoc|iPhoneSimulator.Build.0 = Release|Any CPU
		{5A430E13-C423-4263-B2E1-EB5D189CDEB4}.Ad-Hoc|iPhoneSimulator.Deploy.0 = Release|Any CPU
		{5A430E13-C423-4263-B2E1-EB5D189CDEB4}.AppStore|Any CPU.ActiveCfg = Release|Any CPU
		{5A430E13-C423-4263-B2E1-EB5D189CDEB4}.AppStore|Any CPU.Build.0 = Release|Any CPU
		{5A430E13-C423-4263-B2E1-EB5D189CDEB4}.AppStore|Any CPU.Deploy.0 = Release|Any CPU
		{5A430E13-C423-4263-B2E1-EB5D189CDEB4}.AppStore|iPhone.ActiveCfg = Release|Any CPU
		{5A430E13-C423-4263-B2E1-EB5D189CDEB4}.AppStore|iPhone.Build.0 = Release|Any CPU
		{5A430E13-C423-4263-B2E1-EB5D189CDEB4}.AppStore|iPhone.Deploy.0 = Release|Any CPU
		{5A430E13-C423-4263-B2E1-EB5D189CDEB4}.AppStore|iPhoneSimulator.ActiveCfg = Release|Any CPU
		{5A430E13-C423-4263-B2E1-EB5D189CDEB4}.AppStore|iPhoneSimulator.Build.0 = Release|Any CPU
		{5A430E13-C423-4263-B2E1-EB5D189CDEB4}.AppStore|iPhoneSimulator.Deploy.0 = Release|Any CPU
		{5A430E13-C423-4263-B2E1-EB5D189CDEB4}.Debug|Any CPU.ActiveCfg = Debug|Any CPU
		{5A430E13-C423-4263-B2E1-EB5D189CDEB4}.Debug|Any CPU.Build.0 = Debug|Any CPU
		{5A430E13-C423-4263-B2E1-EB5D189CDEB4}.Debug|Any CPU.Deploy.0 = Debug|Any CPU
		{5A430E13-C423-4263-B2E1-EB5D189CDEB4}.Debug|iPhone.ActiveCfg = Debug|Any CPU
		{5A430E13-C423-4263-B2E1-EB5D189CDEB4}.Debug|iPhone.Build.0 = Debug|Any CPU
		{5A430E13-C423-4263-B2E1-EB5D189CDEB4}.Debug|iPhone.Deploy.0 = Debug|Any CPU
		{5A430E13-C423-4263-B2E1-EB5D189CDEB4}.Debug|iPhoneSimulator.ActiveCfg = Debug|Any CPU
		{5A430E13-C423-4263-B2E1-EB5D189CDEB4}.Debug|iPhoneSimulator.Build.0 = Debug|Any CPU
		{5A430E13-C423-4263-B2E1-EB5D189CDEB4}.Debug|iPhoneSimulator.Deploy.0 = Debug|Any CPU
		{5A430E13-C423-4263-B2E1-EB5D189CDEB4}.Release|Any CPU.ActiveCfg = Release|Any CPU
		{5A430E13-C423-4263-B2E1-EB5D189CDEB4}.Release|Any CPU.Build.0 = Release|Any CPU
		{5A430E13-C423-4263-B2E1-EB5D189CDEB4}.Release|Any CPU.Deploy.0 = Release|Any CPU
		{5A430E13-C423-4263-B2E1-EB5D189CDEB4}.Release|iPhone.ActiveCfg = Release|Any CPU
		{5A430E13-C423-4263-B2E1-EB5D189CDEB4}.Release|iPhone.Build.0 = Release|Any CPU
		{5A430E13-C423-4263-B2E1-EB5D189CDEB4}.Release|iPhone.Deploy.0 = Release|Any CPU
		{5A430E13-C423-4263-B2E1-EB5D189CDEB4}.Release|iPhoneSimulator.ActiveCfg = Release|Any CPU
		{5A430E13-C423-4263-B2E1-EB5D189CDEB4}.Release|iPhoneSimulator.Build.0 = Release|Any CPU
		{5A430E13-C423-4263-B2E1-EB5D189CDEB4}.Release|iPhoneSimulator.Deploy.0 = Release|Any CPU
		{742C20E2-7BAA-446A-98A4-E05058CDB602}.Ad-Hoc|Any CPU.ActiveCfg = Ad-Hoc|iPhone
		{742C20E2-7BAA-446A-98A4-E05058CDB602}.Ad-Hoc|Any CPU.Build.0 = Ad-Hoc|iPhone
		{742C20E2-7BAA-446A-98A4-E05058CDB602}.Ad-Hoc|Any CPU.Deploy.0 = Ad-Hoc|iPhone
		{742C20E2-7BAA-446A-98A4-E05058CDB602}.Ad-Hoc|iPhone.ActiveCfg = Ad-Hoc|iPhone
		{742C20E2-7BAA-446A-98A4-E05058CDB602}.Ad-Hoc|iPhone.Build.0 = Ad-Hoc|iPhone
		{742C20E2-7BAA-446A-98A4-E05058CDB602}.Ad-Hoc|iPhone.Deploy.0 = Ad-Hoc|iPhone
		{742C20E2-7BAA-446A-98A4-E05058CDB602}.Ad-Hoc|iPhoneSimulator.ActiveCfg = Ad-Hoc|iPhoneSimulator
		{742C20E2-7BAA-446A-98A4-E05058CDB602}.Ad-Hoc|iPhoneSimulator.Build.0 = Ad-Hoc|iPhoneSimulator
		{742C20E2-7BAA-446A-98A4-E05058CDB602}.Ad-Hoc|iPhoneSimulator.Deploy.0 = Ad-Hoc|iPhoneSimulator
		{742C20E2-7BAA-446A-98A4-E05058CDB602}.AppStore|Any CPU.ActiveCfg = AppStore|iPhone
		{742C20E2-7BAA-446A-98A4-E05058CDB602}.AppStore|Any CPU.Build.0 = AppStore|iPhone
		{742C20E2-7BAA-446A-98A4-E05058CDB602}.AppStore|Any CPU.Deploy.0 = AppStore|iPhone
		{742C20E2-7BAA-446A-98A4-E05058CDB602}.AppStore|iPhone.ActiveCfg = AppStore|iPhone
		{742C20E2-7BAA-446A-98A4-E05058CDB602}.AppStore|iPhone.Build.0 = AppStore|iPhone
		{742C20E2-7BAA-446A-98A4-E05058CDB602}.AppStore|iPhone.Deploy.0 = AppStore|iPhone
		{742C20E2-7BAA-446A-98A4-E05058CDB602}.AppStore|iPhoneSimulator.ActiveCfg = AppStore|iPhoneSimulator
		{742C20E2-7BAA-446A-98A4-E05058CDB602}.AppStore|iPhoneSimulator.Build.0 = AppStore|iPhoneSimulator
		{742C20E2-7BAA-446A-98A4-E05058CDB602}.AppStore|iPhoneSimulator.Deploy.0 = AppStore|iPhoneSimulator
		{742C20E2-7BAA-446A-98A4-E05058CDB602}.Debug|Any CPU.ActiveCfg = Debug|iPhoneSimulator
		{742C20E2-7BAA-446A-98A4-E05058CDB602}.Debug|Any CPU.Build.0 = Debug|iPhoneSimulator
		{742C20E2-7BAA-446A-98A4-E05058CDB602}.Debug|Any CPU.Deploy.0 = Debug|iPhoneSimulator
		{742C20E2-7BAA-446A-98A4-E05058CDB602}.Debug|iPhone.ActiveCfg = Debug|iPhone
		{742C20E2-7BAA-446A-98A4-E05058CDB602}.Debug|iPhone.Build.0 = Debug|iPhone
		{742C20E2-7BAA-446A-98A4-E05058CDB602}.Debug|iPhone.Deploy.0 = Debug|iPhone
		{742C20E2-7BAA-446A-98A4-E05058CDB602}.Debug|iPhoneSimulator.ActiveCfg = Debug|iPhoneSimulator
		{742C20E2-7BAA-446A-98A4-E05058CDB602}.Debug|iPhoneSimulator.Build.0 = Debug|iPhoneSimulator
		{742C20E2-7BAA-446A-98A4-E05058CDB602}.Debug|iPhoneSimulator.Deploy.0 = Debug|iPhoneSimulator
		{742C20E2-7BAA-446A-98A4-E05058CDB602}.Release|Any CPU.ActiveCfg = Release|iPhone
		{742C20E2-7BAA-446A-98A4-E05058CDB602}.Release|Any CPU.Build.0 = Release|iPhone
		{742C20E2-7BAA-446A-98A4-E05058CDB602}.Release|Any CPU.Deploy.0 = Release|iPhone
		{742C20E2-7BAA-446A-98A4-E05058CDB602}.Release|iPhone.ActiveCfg = Release|iPhone
		{742C20E2-7BAA-446A-98A4-E05058CDB602}.Release|iPhone.Build.0 = Release|iPhone
		{742C20E2-7BAA-446A-98A4-E05058CDB602}.Release|iPhone.Deploy.0 = Release|iPhone
		{742C20E2-7BAA-446A-98A4-E05058CDB602}.Release|iPhoneSimulator.ActiveCfg = Release|iPhoneSimulator
		{742C20E2-7BAA-446A-98A4-E05058CDB602}.Release|iPhoneSimulator.Build.0 = Release|iPhoneSimulator
		{742C20E2-7BAA-446A-98A4-E05058CDB602}.Release|iPhoneSimulator.Deploy.0 = Release|iPhoneSimulator
		{2AD5D3C2-32AB-4EDD-A389-C658D38E910D}.Ad-Hoc|Any CPU.ActiveCfg = Debug|Any CPU
		{2AD5D3C2-32AB-4EDD-A389-C658D38E910D}.Ad-Hoc|Any CPU.Build.0 = Debug|Any CPU
		{2AD5D3C2-32AB-4EDD-A389-C658D38E910D}.Ad-Hoc|Any CPU.Deploy.0 = Debug|Any CPU
		{2AD5D3C2-32AB-4EDD-A389-C658D38E910D}.Ad-Hoc|iPhone.ActiveCfg = Debug|Any CPU
		{2AD5D3C2-32AB-4EDD-A389-C658D38E910D}.Ad-Hoc|iPhone.Build.0 = Debug|Any CPU
		{2AD5D3C2-32AB-4EDD-A389-C658D38E910D}.Ad-Hoc|iPhone.Deploy.0 = Debug|Any CPU
		{2AD5D3C2-32AB-4EDD-A389-C658D38E910D}.Ad-Hoc|iPhoneSimulator.ActiveCfg = Debug|Any CPU
		{2AD5D3C2-32AB-4EDD-A389-C658D38E910D}.Ad-Hoc|iPhoneSimulator.Build.0 = Debug|Any CPU
		{2AD5D3C2-32AB-4EDD-A389-C658D38E910D}.Ad-Hoc|iPhoneSimulator.Deploy.0 = Debug|Any CPU
		{2AD5D3C2-32AB-4EDD-A389-C658D38E910D}.AppStore|Any CPU.ActiveCfg = Debug|Any CPU
		{2AD5D3C2-32AB-4EDD-A389-C658D38E910D}.AppStore|Any CPU.Build.0 = Debug|Any CPU
		{2AD5D3C2-32AB-4EDD-A389-C658D38E910D}.AppStore|Any CPU.Deploy.0 = Debug|Any CPU
		{2AD5D3C2-32AB-4EDD-A389-C658D38E910D}.AppStore|iPhone.ActiveCfg = Debug|Any CPU
		{2AD5D3C2-32AB-4EDD-A389-C658D38E910D}.AppStore|iPhone.Build.0 = Debug|Any CPU
		{2AD5D3C2-32AB-4EDD-A389-C658D38E910D}.AppStore|iPhone.Deploy.0 = Debug|Any CPU
		{2AD5D3C2-32AB-4EDD-A389-C658D38E910D}.AppStore|iPhoneSimulator.ActiveCfg = Debug|Any CPU
		{2AD5D3C2-32AB-4EDD-A389-C658D38E910D}.AppStore|iPhoneSimulator.Build.0 = Debug|Any CPU
		{2AD5D3C2-32AB-4EDD-A389-C658D38E910D}.AppStore|iPhoneSimulator.Deploy.0 = Debug|Any CPU
		{2AD5D3C2-32AB-4EDD-A389-C658D38E910D}.Debug|Any CPU.ActiveCfg = Debug|Any CPU
		{2AD5D3C2-32AB-4EDD-A389-C658D38E910D}.Debug|Any CPU.Build.0 = Debug|Any CPU
		{2AD5D3C2-32AB-4EDD-A389-C658D38E910D}.Debug|Any CPU.Deploy.0 = Debug|Any CPU
		{2AD5D3C2-32AB-4EDD-A389-C658D38E910D}.Debug|iPhone.ActiveCfg = Debug|Any CPU
		{2AD5D3C2-32AB-4EDD-A389-C658D38E910D}.Debug|iPhone.Build.0 = Debug|Any CPU
		{2AD5D3C2-32AB-4EDD-A389-C658D38E910D}.Debug|iPhone.Deploy.0 = Debug|Any CPU
		{2AD5D3C2-32AB-4EDD-A389-C658D38E910D}.Debug|iPhoneSimulator.ActiveCfg = Debug|Any CPU
		{2AD5D3C2-32AB-4EDD-A389-C658D38E910D}.Debug|iPhoneSimulator.Build.0 = Debug|Any CPU
		{2AD5D3C2-32AB-4EDD-A389-C658D38E910D}.Debug|iPhoneSimulator.Deploy.0 = Debug|Any CPU
		{2AD5D3C2-32AB-4EDD-A389-C658D38E910D}.Release|Any CPU.ActiveCfg = Release|Any CPU
		{2AD5D3C2-32AB-4EDD-A389-C658D38E910D}.Release|Any CPU.Build.0 = Release|Any CPU
		{2AD5D3C2-32AB-4EDD-A389-C658D38E910D}.Release|Any CPU.Deploy.0 = Release|Any CPU
		{2AD5D3C2-32AB-4EDD-A389-C658D38E910D}.Release|iPhone.ActiveCfg = Release|Any CPU
		{2AD5D3C2-32AB-4EDD-A389-C658D38E910D}.Release|iPhone.Build.0 = Release|Any CPU
		{2AD5D3C2-32AB-4EDD-A389-C658D38E910D}.Release|iPhone.Deploy.0 = Release|Any CPU
		{2AD5D3C2-32AB-4EDD-A389-C658D38E910D}.Release|iPhoneSimulator.ActiveCfg = Release|Any CPU
		{2AD5D3C2-32AB-4EDD-A389-C658D38E910D}.Release|iPhoneSimulator.Build.0 = Release|Any CPU
		{2AD5D3C2-32AB-4EDD-A389-C658D38E910D}.Release|iPhoneSimulator.Deploy.0 = Release|Any CPU
	EndGlobalSection
	GlobalSection(SolutionProperties) = preSolution
		HideSolutionNode = FALSE
	EndGlobalSection
	GlobalSection(ExtensibilityGlobals) = postSolution
		SolutionGuid = {867D5CFA-A552-4145-9147-6CFB6CFDE200}
	EndGlobalSection
EndGlobal
